// !$*UTF8*$!
{
	archiveVersion = 1;
	classes = {
	};
	objectVersion = 50;
	objects = {

/* Begin PBXBuildFile section */
		4D94555349AF006F425F4924 /* Pods_20180504_01Calendar.framework in Frameworks */ = {isa = PBXBuildFile; fileRef = ECEEB97C8636BF94FFCD3ED3 /* Pods_20180504_01Calendar.framework */; };
		613C27FAC0391E146AFAFFE2 /* Pods_20180504_01CalendarTests.framework in Frameworks */ = {isa = PBXBuildFile; fileRef = 309783FC89F6CE7F9057BC1B /* Pods_20180504_01CalendarTests.framework */; };
		A21527B3A8EF6EC33F53DD65 /* Pods_20180504_01CalendarUITests.framework in Frameworks */ = {isa = PBXBuildFile; fileRef = 16374B6A2DB82214746EC80C /* Pods_20180504_01CalendarUITests.framework */; };
		CB67E993209C338900FA0E23 /* AppDelegate.swift in Sources */ = {isa = PBXBuildFile; fileRef = CB67E992209C338900FA0E23 /* AppDelegate.swift */; };
		CB67E995209C338900FA0E23 /* ViewController.swift in Sources */ = {isa = PBXBuildFile; fileRef = CB67E994209C338900FA0E23 /* ViewController.swift */; };
		CB67E998209C338900FA0E23 /* Main.storyboard in Resources */ = {isa = PBXBuildFile; fileRef = CB67E996209C338900FA0E23 /* Main.storyboard */; };
		CB67E99A209C338900FA0E23 /* Assets.xcassets in Resources */ = {isa = PBXBuildFile; fileRef = CB67E999209C338900FA0E23 /* Assets.xcassets */; };
		CB67E99D209C338900FA0E23 /* LaunchScreen.storyboard in Resources */ = {isa = PBXBuildFile; fileRef = CB67E99B209C338900FA0E23 /* LaunchScreen.storyboard */; };
		CB67E9A8209C338900FA0E23 /* _0180504_01CalendarTests.swift in Sources */ = {isa = PBXBuildFile; fileRef = CB67E9A7209C338900FA0E23 /* _0180504_01CalendarTests.swift */; };
		CB67E9B3209C338900FA0E23 /* _0180504_01CalendarUITests.swift in Sources */ = {isa = PBXBuildFile; fileRef = CB67E9B2209C338900FA0E23 /* _0180504_01CalendarUITests.swift */; };
		CB67E9C1209C342F00FA0E23 /* Event.swift in Sources */ = {isa = PBXBuildFile; fileRef = CB67E9C0209C342F00FA0E23 /* Event.swift */; };
		CB67E9C3209C344E00FA0E23 /* EventViewController.swift in Sources */ = {isa = PBXBuildFile; fileRef = CB67E9C2209C344E00FA0E23 /* EventViewController.swift */; };
/* End PBXBuildFile section */

/* Begin PBXContainerItemProxy section */
		CB67E9A4209C338900FA0E23 /* PBXContainerItemProxy */ = {
			isa = PBXContainerItemProxy;
			containerPortal = CB67E987209C338900FA0E23 /* Project object */;
			proxyType = 1;
			remoteGlobalIDString = CB67E98E209C338900FA0E23;
			remoteInfo = 20180504_01Calendar;
		};
		CB67E9AF209C338900FA0E23 /* PBXContainerItemProxy */ = {
			isa = PBXContainerItemProxy;
			containerPortal = CB67E987209C338900FA0E23 /* Project object */;
			proxyType = 1;
			remoteGlobalIDString = CB67E98E209C338900FA0E23;
			remoteInfo = 20180504_01Calendar;
		};
/* End PBXContainerItemProxy section */

/* Begin PBXFileReference section */
		16374B6A2DB82214746EC80C /* Pods_20180504_01CalendarUITests.framework */ = {isa = PBXFileReference; explicitFileType = wrapper.framework; includeInIndex = 0; path = Pods_20180504_01CalendarUITests.framework; sourceTree = BUILT_PRODUCTS_DIR; };
		309783FC89F6CE7F9057BC1B /* Pods_20180504_01CalendarTests.framework */ = {isa = PBXFileReference; explicitFileType = wrapper.framework; includeInIndex = 0; path = Pods_20180504_01CalendarTests.framework; sourceTree = BUILT_PRODUCTS_DIR; };
		56FC1DF764F773050E78FF3A /* Pods-20180504_01CalendarUITests.debug.xcconfig */ = {isa = PBXFileReference; includeInIndex = 1; lastKnownFileType = text.xcconfig; name = "Pods-20180504_01CalendarUITests.debug.xcconfig"; path = "Pods/Target Support Files/Pods-20180504_01CalendarUITests/Pods-20180504_01CalendarUITests.debug.xcconfig"; sourceTree = "<group>"; };
		83FB95E48F502FC1831A401E /* Pods-20180504_01CalendarTests.debug.xcconfig */ = {isa = PBXFileReference; includeInIndex = 1; lastKnownFileType = text.xcconfig; name = "Pods-20180504_01CalendarTests.debug.xcconfig"; path = "Pods/Target Support Files/Pods-20180504_01CalendarTests/Pods-20180504_01CalendarTests.debug.xcconfig"; sourceTree = "<group>"; };
		88E3555FCDB81C9E977F4895 /* Pods-20180504_01CalendarTests.release.xcconfig */ = {isa = PBXFileReference; includeInIndex = 1; lastKnownFileType = text.xcconfig; name = "Pods-20180504_01CalendarTests.release.xcconfig"; path = "Pods/Target Support Files/Pods-20180504_01CalendarTests/Pods-20180504_01CalendarTests.release.xcconfig"; sourceTree = "<group>"; };
		A6654621AC1D9D6886E810BA /* Pods-20180504_01Calendar.release.xcconfig */ = {isa = PBXFileReference; includeInIndex = 1; lastKnownFileType = text.xcconfig; name = "Pods-20180504_01Calendar.release.xcconfig"; path = "Pods/Target Support Files/Pods-20180504_01Calendar/Pods-20180504_01Calendar.release.xcconfig"; sourceTree = "<group>"; };
		BE5FDC321947B4941968D8B4 /* Pods-20180504_01Calendar.debug.xcconfig */ = {isa = PBXFileReference; includeInIndex = 1; lastKnownFileType = text.xcconfig; name = "Pods-20180504_01Calendar.debug.xcconfig"; path = "Pods/Target Support Files/Pods-20180504_01Calendar/Pods-20180504_01Calendar.debug.xcconfig"; sourceTree = "<group>"; };
		CB67E98F209C338900FA0E23 /* 20180504_01Calendar.app */ = {isa = PBXFileReference; explicitFileType = wrapper.application; includeInIndex = 0; path = 20180504_01Calendar.app; sourceTree = BUILT_PRODUCTS_DIR; };
		CB67E992209C338900FA0E23 /* AppDelegate.swift */ = {isa = PBXFileReference; lastKnownFileType = sourcecode.swift; path = AppDelegate.swift; sourceTree = "<group>"; };
		CB67E994209C338900FA0E23 /* ViewController.swift */ = {isa = PBXFileReference; lastKnownFileType = sourcecode.swift; path = ViewController.swift; sourceTree = "<group>"; };
		CB67E997209C338900FA0E23 /* Base */ = {isa = PBXFileReference; lastKnownFileType = file.storyboard; name = Base; path = Base.lproj/Main.storyboard; sourceTree = "<group>"; };
		CB67E999209C338900FA0E23 /* Assets.xcassets */ = {isa = PBXFileReference; lastKnownFileType = folder.assetcatalog; path = Assets.xcassets; sourceTree = "<group>"; };
		CB67E99C209C338900FA0E23 /* Base */ = {isa = PBXFileReference; lastKnownFileType = file.storyboard; name = Base; path = Base.lproj/LaunchScreen.storyboard; sourceTree = "<group>"; };
		CB67E99E209C338900FA0E23 /* Info.plist */ = {isa = PBXFileReference; lastKnownFileType = text.plist.xml; path = Info.plist; sourceTree = "<group>"; };
		CB67E9A3209C338900FA0E23 /* 20180504_01CalendarTests.xctest */ = {isa = PBXFileReference; explicitFileType = wrapper.cfbundle; includeInIndex = 0; path = 20180504_01CalendarTests.xctest; sourceTree = BUILT_PRODUCTS_DIR; };
		CB67E9A7209C338900FA0E23 /* _0180504_01CalendarTests.swift */ = {isa = PBXFileReference; lastKnownFileType = sourcecode.swift; path = _0180504_01CalendarTests.swift; sourceTree = "<group>"; };
		CB67E9A9209C338900FA0E23 /* Info.plist */ = {isa = PBXFileReference; lastKnownFileType = text.plist.xml; path = Info.plist; sourceTree = "<group>"; };
		CB67E9AE209C338900FA0E23 /* 20180504_01CalendarUITests.xctest */ = {isa = PBXFileReference; explicitFileType = wrapper.cfbundle; includeInIndex = 0; path = 20180504_01CalendarUITests.xctest; sourceTree = BUILT_PRODUCTS_DIR; };
		CB67E9B2209C338900FA0E23 /* _0180504_01CalendarUITests.swift */ = {isa = PBXFileReference; lastKnownFileType = sourcecode.swift; path = _0180504_01CalendarUITests.swift; sourceTree = "<group>"; };
		CB67E9B4209C338900FA0E23 /* Info.plist */ = {isa = PBXFileReference; lastKnownFileType = text.plist.xml; path = Info.plist; sourceTree = "<group>"; };
		CB67E9C0209C342F00FA0E23 /* Event.swift */ = {isa = PBXFileReference; lastKnownFileType = sourcecode.swift; path = Event.swift; sourceTree = "<group>"; };
		CB67E9C2209C344E00FA0E23 /* EventViewController.swift */ = {isa = PBXFileReference; lastKnownFileType = sourcecode.swift; path = EventViewController.swift; sourceTree = "<group>"; };
		CC1D45BBDEF3288774E9B5C4 /* Pods-20180504_01CalendarUITests.release.xcconfig */ = {isa = PBXFileReference; includeInIndex = 1; lastKnownFileType = text.xcconfig; name = "Pods-20180504_01CalendarUITests.release.xcconfig"; path = "Pods/Target Support Files/Pods-20180504_01CalendarUITests/Pods-20180504_01CalendarUITests.release.xcconfig"; sourceTree = "<group>"; };
		ECEEB97C8636BF94FFCD3ED3 /* Pods_20180504_01Calendar.framework */ = {isa = PBXFileReference; explicitFileType = wrapper.framework; includeInIndex = 0; path = Pods_20180504_01Calendar.framework; sourceTree = BUILT_PRODUCTS_DIR; };
/* End PBXFileReference section */

/* Begin PBXFrameworksBuildPhase section */
		CB67E98C209C338900FA0E23 /* Frameworks */ = {
			isa = PBXFrameworksBuildPhase;
			buildActionMask = 2147483647;
			files = (
				4D94555349AF006F425F4924 /* Pods_20180504_01Calendar.framework in Frameworks */,
			);
			runOnlyForDeploymentPostprocessing = 0;
		};
		CB67E9A0209C338900FA0E23 /* Frameworks */ = {
			isa = PBXFrameworksBuildPhase;
			buildActionMask = 2147483647;
			files = (
				613C27FAC0391E146AFAFFE2 /* Pods_20180504_01CalendarTests.framework in Frameworks */,
			);
			runOnlyForDeploymentPostprocessing = 0;
		};
		CB67E9AB209C338900FA0E23 /* Frameworks */ = {
			isa = PBXFrameworksBuildPhase;
			buildActionMask = 2147483647;
			files = (
				A21527B3A8EF6EC33F53DD65 /* Pods_20180504_01CalendarUITests.framework in Frameworks */,
			);
			runOnlyForDeploymentPostprocessing = 0;
		};
/* End PBXFrameworksBuildPhase section */

/* Begin PBXGroup section */
		89E5C3C07BB1DAC5E2FCE89D /* Frameworks */ = {
			isa = PBXGroup;
			children = (
				ECEEB97C8636BF94FFCD3ED3 /* Pods_20180504_01Calendar.framework */,
				309783FC89F6CE7F9057BC1B /* Pods_20180504_01CalendarTests.framework */,
				16374B6A2DB82214746EC80C /* Pods_20180504_01CalendarUITests.framework */,
			);
			name = Frameworks;
			sourceTree = "<group>";
		};
		CB67E986209C338900FA0E23 = {
			isa = PBXGroup;
			children = (
				CB67E991209C338900FA0E23 /* 20180504_01Calendar */,
				CB67E9A6209C338900FA0E23 /* 20180504_01CalendarTests */,
				CB67E9B1209C338900FA0E23 /* 20180504_01CalendarUITests */,
				CB67E990209C338900FA0E23 /* Products */,
				D0E377C17CED3FE7B750F33E /* Pods */,
				89E5C3C07BB1DAC5E2FCE89D /* Frameworks */,
			);
			sourceTree = "<group>";
		};
		CB67E990209C338900FA0E23 /* Products */ = {
			isa = PBXGroup;
			children = (
				CB67E98F209C338900FA0E23 /* 20180504_01Calendar.app */,
				CB67E9A3209C338900FA0E23 /* 20180504_01CalendarTests.xctest */,
				CB67E9AE209C338900FA0E23 /* 20180504_01CalendarUITests.xctest */,
			);
			name = Products;
			sourceTree = "<group>";
		};
		CB67E991209C338900FA0E23 /* 20180504_01Calendar */ = {
			isa = PBXGroup;
			children = (
				CB67E992209C338900FA0E23 /* AppDelegate.swift */,
				CB67E994209C338900FA0E23 /* ViewController.swift */,
				CB67E9C0209C342F00FA0E23 /* Event.swift */,
				CB67E9C2209C344E00FA0E23 /* EventViewController.swift */,
				CB67E996209C338900FA0E23 /* Main.storyboard */,
				CB67E999209C338900FA0E23 /* Assets.xcassets */,
				CB67E99B209C338900FA0E23 /* LaunchScreen.storyboard */,
				CB67E99E209C338900FA0E23 /* Info.plist */,
			);
			path = 20180504_01Calendar;
			sourceTree = "<group>";
		};
		CB67E9A6209C338900FA0E23 /* 20180504_01CalendarTests */ = {
			isa = PBXGroup;
			children = (
				CB67E9A7209C338900FA0E23 /* _0180504_01CalendarTests.swift */,
				CB67E9A9209C338900FA0E23 /* Info.plist */,
			);
			path = 20180504_01CalendarTests;
			sourceTree = "<group>";
		};
		CB67E9B1209C338900FA0E23 /* 20180504_01CalendarUITests */ = {
			isa = PBXGroup;
			children = (
				CB67E9B2209C338900FA0E23 /* _0180504_01CalendarUITests.swift */,
				CB67E9B4209C338900FA0E23 /* Info.plist */,
			);
			path = 20180504_01CalendarUITests;
			sourceTree = "<group>";
		};
		D0E377C17CED3FE7B750F33E /* Pods */ = {
			isa = PBXGroup;
			children = (
				BE5FDC321947B4941968D8B4 /* Pods-20180504_01Calendar.debug.xcconfig */,
				A6654621AC1D9D6886E810BA /* Pods-20180504_01Calendar.release.xcconfig */,
				83FB95E48F502FC1831A401E /* Pods-20180504_01CalendarTests.debug.xcconfig */,
				88E3555FCDB81C9E977F4895 /* Pods-20180504_01CalendarTests.release.xcconfig */,
				56FC1DF764F773050E78FF3A /* Pods-20180504_01CalendarUITests.debug.xcconfig */,
				CC1D45BBDEF3288774E9B5C4 /* Pods-20180504_01CalendarUITests.release.xcconfig */,
			);
			name = Pods;
			sourceTree = "<group>";
		};
/* End PBXGroup section */

/* Begin PBXNativeTarget section */
		CB67E98E209C338900FA0E23 /* 20180504_01Calendar */ = {
			isa = PBXNativeTarget;
			buildConfigurationList = CB67E9B7209C338900FA0E23 /* Build configuration list for PBXNativeTarget "20180504_01Calendar" */;
			buildPhases = (
				19CDABA8BB6D26BD46B592AC /* [CP] Check Pods Manifest.lock */,
				CB67E98B209C338900FA0E23 /* Sources */,
				CB67E98C209C338900FA0E23 /* Frameworks */,
				CB67E98D209C338900FA0E23 /* Resources */,
				F01B81316AEF3ACDF6893FA9 /* [CP] Embed Pods Frameworks */,
				E0028FD5DEE72D08DAA3D55C /* [CP] Copy Pods Resources */,
			);
			buildRules = (
			);
			dependencies = (
			);
			name = 20180504_01Calendar;
			productName = 20180504_01Calendar;
			productReference = CB67E98F209C338900FA0E23 /* 20180504_01Calendar.app */;
			productType = "com.apple.product-type.application";
		};
		CB67E9A2209C338900FA0E23 /* 20180504_01CalendarTests */ = {
			isa = PBXNativeTarget;
			buildConfigurationList = CB67E9BA209C338900FA0E23 /* Build configuration list for PBXNativeTarget "20180504_01CalendarTests" */;
			buildPhases = (
				DEDEB3C672B6DB9300A26002 /* [CP] Check Pods Manifest.lock */,
				CB67E99F209C338900FA0E23 /* Sources */,
				CB67E9A0209C338900FA0E23 /* Frameworks */,
				CB67E9A1209C338900FA0E23 /* Resources */,
				C4D58184418042122012FD03 /* [CP] Embed Pods Frameworks */,
				EB432BE26038FA83B2482A8A /* [CP] Copy Pods Resources */,
			);
			buildRules = (
			);
			dependencies = (
				CB67E9A5209C338900FA0E23 /* PBXTargetDependency */,
			);
			name = 20180504_01CalendarTests;
			productName = 20180504_01CalendarTests;
			productReference = CB67E9A3209C338900FA0E23 /* 20180504_01CalendarTests.xctest */;
			productType = "com.apple.product-type.bundle.unit-test";
		};
		CB67E9AD209C338900FA0E23 /* 20180504_01CalendarUITests */ = {
			isa = PBXNativeTarget;
			buildConfigurationList = CB67E9BD209C338900FA0E23 /* Build configuration list for PBXNativeTarget "20180504_01CalendarUITests" */;
			buildPhases = (
				A6FD0001DE5A7171C845DF59 /* [CP] Check Pods Manifest.lock */,
				CB67E9AA209C338900FA0E23 /* Sources */,
				CB67E9AB209C338900FA0E23 /* Frameworks */,
				CB67E9AC209C338900FA0E23 /* Resources */,
				C5115F2F73EEE37B177FCB42 /* [CP] Embed Pods Frameworks */,
				32B455423E67889B2E5416D6 /* [CP] Copy Pods Resources */,
			);
			buildRules = (
			);
			dependencies = (
				CB67E9B0209C338900FA0E23 /* PBXTargetDependency */,
			);
			name = 20180504_01CalendarUITests;
			productName = 20180504_01CalendarUITests;
			productReference = CB67E9AE209C338900FA0E23 /* 20180504_01CalendarUITests.xctest */;
			productType = "com.apple.product-type.bundle.ui-testing";
		};
/* End PBXNativeTarget section */

/* Begin PBXProject section */
		CB67E987209C338900FA0E23 /* Project object */ = {
			isa = PBXProject;
			attributes = {
				LastSwiftUpdateCheck = 0930;
				LastUpgradeCheck = 0930;
				ORGANIZATIONNAME = "Yanagawa Masakazu";
				TargetAttributes = {
					CB67E98E209C338900FA0E23 = {
						CreatedOnToolsVersion = 9.3;
					};
					CB67E9A2209C338900FA0E23 = {
						CreatedOnToolsVersion = 9.3;
						TestTargetID = CB67E98E209C338900FA0E23;
					};
					CB67E9AD209C338900FA0E23 = {
						CreatedOnToolsVersion = 9.3;
						TestTargetID = CB67E98E209C338900FA0E23;
					};
				};
			};
			buildConfigurationList = CB67E98A209C338900FA0E23 /* Build configuration list for PBXProject "20180504_01Calendar" */;
			compatibilityVersion = "Xcode 9.3";
			developmentRegion = en;
			hasScannedForEncodings = 0;
			knownRegions = (
				en,
				Base,
			);
			mainGroup = CB67E986209C338900FA0E23;
			productRefGroup = CB67E990209C338900FA0E23 /* Products */;
			projectDirPath = "";
			projectRoot = "";
			targets = (
				CB67E98E209C338900FA0E23 /* 20180504_01Calendar */,
				CB67E9A2209C338900FA0E23 /* 20180504_01CalendarTests */,
				CB67E9AD209C338900FA0E23 /* 20180504_01CalendarUITests */,
			);
		};
/* End PBXProject section */

/* Begin PBXResourcesBuildPhase section */
		CB67E98D209C338900FA0E23 /* Resources */ = {
			isa = PBXResourcesBuildPhase;
			buildActionMask = 2147483647;
			files = (
				CB67E99D209C338900FA0E23 /* LaunchScreen.storyboard in Resources */,
				CB67E99A209C338900FA0E23 /* Assets.xcassets in Resources */,
				CB67E998209C338900FA0E23 /* Main.storyboard in Resources */,
			);
			runOnlyForDeploymentPostprocessing = 0;
		};
		CB67E9A1209C338900FA0E23 /* Resources */ = {
			isa = PBXResourcesBuildPhase;
			buildActionMask = 2147483647;
			files = (
			);
			runOnlyForDeploymentPostprocessing = 0;
		};
		CB67E9AC209C338900FA0E23 /* Resources */ = {
			isa = PBXResourcesBuildPhase;
			buildActionMask = 2147483647;
			files = (
			);
			runOnlyForDeploymentPostprocessing = 0;
		};
/* End PBXResourcesBuildPhase section */

/* Begin PBXShellScriptBuildPhase section */
		19CDABA8BB6D26BD46B592AC /* [CP] Check Pods Manifest.lock */ = {
			isa = PBXShellScriptBuildPhase;
			buildActionMask = 2147483647;
			files = (
			);
			inputPaths = (
				"${PODS_PODFILE_DIR_PATH}/Podfile.lock",
				"${PODS_ROOT}/Manifest.lock",
			);
			name = "[CP] Check Pods Manifest.lock";
			outputPaths = (
				"$(DERIVED_FILE_DIR)/Pods-20180504_01Calendar-checkManifestLockResult.txt",
			);
			runOnlyForDeploymentPostprocessing = 0;
			shellPath = /bin/sh;
			shellScript = "diff \"${PODS_PODFILE_DIR_PATH}/Podfile.lock\" \"${PODS_ROOT}/Manifest.lock\" > /dev/null\nif [ $? != 0 ] ; then\n    # print error to STDERR\n    echo \"error: The sandbox is not in sync with the Podfile.lock. Run 'pod install' or update your CocoaPods installation.\" >&2\n    exit 1\nfi\n# This output is used by Xcode 'outputs' to avoid re-running this script phase.\necho \"SUCCESS\" > \"${SCRIPT_OUTPUT_FILE_0}\"\n";
			showEnvVarsInLog = 0;
		};
		32B455423E67889B2E5416D6 /* [CP] Copy Pods Resources */ = {
			isa = PBXShellScriptBuildPhase;
			buildActionMask = 2147483647;
			files = (
			);
			inputPaths = (
			);
			name = "[CP] Copy Pods Resources";
			outputPaths = (
			);
			runOnlyForDeploymentPostprocessing = 0;
			shellPath = /bin/sh;
			shellScript = "\"${SRCROOT}/Pods/Target Support Files/Pods-20180504_01CalendarUITests/Pods-20180504_01CalendarUITests-resources.sh\"\n";
			showEnvVarsInLog = 0;
		};
		A6FD0001DE5A7171C845DF59 /* [CP] Check Pods Manifest.lock */ = {
			isa = PBXShellScriptBuildPhase;
			buildActionMask = 2147483647;
			files = (
			);
			inputPaths = (
				"${PODS_PODFILE_DIR_PATH}/Podfile.lock",
				"${PODS_ROOT}/Manifest.lock",
			);
			name = "[CP] Check Pods Manifest.lock";
			outputPaths = (
				"$(DERIVED_FILE_DIR)/Pods-20180504_01CalendarUITests-checkManifestLockResult.txt",
			);
			runOnlyForDeploymentPostprocessing = 0;
			shellPath = /bin/sh;
			shellScript = "diff \"${PODS_PODFILE_DIR_PATH}/Podfile.lock\" \"${PODS_ROOT}/Manifest.lock\" > /dev/null\nif [ $? != 0 ] ; then\n    # print error to STDERR\n    echo \"error: The sandbox is not in sync with the Podfile.lock. Run 'pod install' or update your CocoaPods installation.\" >&2\n    exit 1\nfi\n# This output is used by Xcode 'outputs' to avoid re-running this script phase.\necho \"SUCCESS\" > \"${SCRIPT_OUTPUT_FILE_0}\"\n";
			showEnvVarsInLog = 0;
		};
		C4D58184418042122012FD03 /* [CP] Embed Pods Frameworks */ = {
			isa = PBXShellScriptBuildPhase;
			buildActionMask = 2147483647;
			files = (
			);
			inputPaths = (
			);
			name = "[CP] Embed Pods Frameworks";
			outputPaths = (
			);
			runOnlyForDeploymentPostprocessing = 0;
			shellPath = /bin/sh;
			shellScript = "\"${SRCROOT}/Pods/Target Support Files/Pods-20180504_01CalendarTests/Pods-20180504_01CalendarTests-frameworks.sh\"\n";
			showEnvVarsInLog = 0;
		};
		C5115F2F73EEE37B177FCB42 /* [CP] Embed Pods Frameworks */ = {
			isa = PBXShellScriptBuildPhase;
			buildActionMask = 2147483647;
			files = (
			);
			inputPaths = (
			);
			name = "[CP] Embed Pods Frameworks";
			outputPaths = (
			);
			runOnlyForDeploymentPostprocessing = 0;
			shellPath = /bin/sh;
			shellScript = "\"${SRCROOT}/Pods/Target Support Files/Pods-20180504_01CalendarUITests/Pods-20180504_01CalendarUITests-frameworks.sh\"\n";
			showEnvVarsInLog = 0;
		};
		DEDEB3C672B6DB9300A26002 /* [CP] Check Pods Manifest.lock */ = {
			isa = PBXShellScriptBuildPhase;
			buildActionMask = 2147483647;
			files = (
			);
			inputPaths = (
				"${PODS_PODFILE_DIR_PATH}/Podfile.lock",
				"${PODS_ROOT}/Manifest.lock",
			);
			name = "[CP] Check Pods Manifest.lock";
			outputPaths = (
				"$(DERIVED_FILE_DIR)/Pods-20180504_01CalendarTests-checkManifestLockResult.txt",
			);
			runOnlyForDeploymentPostprocessing = 0;
			shellPath = /bin/sh;
			shellScript = "diff \"${PODS_PODFILE_DIR_PATH}/Podfile.lock\" \"${PODS_ROOT}/Manifest.lock\" > /dev/null\nif [ $? != 0 ] ; then\n    # print error to STDERR\n    echo \"error: The sandbox is not in sync with the Podfile.lock. Run 'pod install' or update your CocoaPods installation.\" >&2\n    exit 1\nfi\n# This output is used by Xcode 'outputs' to avoid re-running this script phase.\necho \"SUCCESS\" > \"${SCRIPT_OUTPUT_FILE_0}\"\n";
			showEnvVarsInLog = 0;
		};
		E0028FD5DEE72D08DAA3D55C /* [CP] Copy Pods Resources */ = {
			isa = PBXShellScriptBuildPhase;
			buildActionMask = 2147483647;
			files = (
			);
			inputPaths = (
			);
			name = "[CP] Copy Pods Resources";
			outputPaths = (
			);
			runOnlyForDeploymentPostprocessing = 0;
			shellPath = /bin/sh;
			shellScript = "\"${SRCROOT}/Pods/Target Support Files/Pods-20180504_01Calendar/Pods-20180504_01Calendar-resources.sh\"\n";
			showEnvVarsInLog = 0;
		};
		EB432BE26038FA83B2482A8A /* [CP] Copy Pods Resources */ = {
			isa = PBXShellScriptBuildPhase;
			buildActionMask = 2147483647;
			files = (
			);
			inputPaths = (
			);
			name = "[CP] Copy Pods Resources";
			outputPaths = (
			);
			runOnlyForDeploymentPostprocessing = 0;
			shellPath = /bin/sh;
			shellScript = "\"${SRCROOT}/Pods/Target Support Files/Pods-20180504_01CalendarTests/Pods-20180504_01CalendarTests-resources.sh\"\n";
			showEnvVarsInLog = 0;
		};
		F01B81316AEF3ACDF6893FA9 /* [CP] Embed Pods Frameworks */ = {
			isa = PBXShellScriptBuildPhase;
			buildActionMask = 2147483647;
			files = (
			);
			inputPaths = (
				"${SRCROOT}/Pods/Target Support Files/Pods-20180504_01Calendar/Pods-20180504_01Calendar-frameworks.sh",
				"${BUILT_PRODUCTS_DIR}/CalculateCalendarLogic/CalculateCalendarLogic.framework",
				"${BUILT_PRODUCTS_DIR}/FSCalendar/FSCalendar.framework",
				"${BUILT_PRODUCTS_DIR}/Realm/Realm.framework",
				"${BUILT_PRODUCTS_DIR}/RealmSwift/RealmSwift.framework",
			);
			name = "[CP] Embed Pods Frameworks";
			outputPaths = (
				"${TARGET_BUILD_DIR}/${FRAMEWORKS_FOLDER_PATH}/CalculateCalendarLogic.framework",
				"${TARGET_BUILD_DIR}/${FRAMEWORKS_FOLDER_PATH}/FSCalendar.framework",
				"${TARGET_BUILD_DIR}/${FRAMEWORKS_FOLDER_PATH}/Realm.framework",
				"${TARGET_BUILD_DIR}/${FRAMEWORKS_FOLDER_PATH}/RealmSwift.framework",
			);
			runOnlyForDeploymentPostprocessing = 0;
			shellPath = /bin/sh;
			shellScript = "\"${SRCROOT}/Pods/Target Support Files/Pods-20180504_01Calendar/Pods-20180504_01Calendar-frameworks.sh\"\n";
			showEnvVarsInLog = 0;
		};
/* End PBXShellScriptBuildPhase section */

/* Begin PBXSourcesBuildPhase section */
		CB67E98B209C338900FA0E23 /* Sources */ = {
			isa = PBXSourcesBuildPhase;
			buildActionMask = 2147483647;
			files = (
				CB67E995209C338900FA0E23 /* ViewController.swift in Sources */,
				CB67E9C3209C344E00FA0E23 /* EventViewController.swift in Sources */,
				CB67E9C1209C342F00FA0E23 /* Event.swift in Sources */,
				CB67E993209C338900FA0E23 /* AppDelegate.swift in Sources */,
			);
			runOnlyForDeploymentPostprocessing = 0;
		};
		CB67E99F209C338900FA0E23 /* Sources */ = {
			isa = PBXSourcesBuildPhase;
			buildActionMask = 2147483647;
			files = (
				CB67E9A8209C338900FA0E23 /* _0180504_01CalendarTests.swift in Sources */,
			);
			runOnlyForDeploymentPostprocessing = 0;
		};
		CB67E9AA209C338900FA0E23 /* Sources */ = {
			isa = PBXSourcesBuildPhase;
			buildActionMask = 2147483647;
			files = (
				CB67E9B3209C338900FA0E23 /* _0180504_01CalendarUITests.swift in Sources */,
			);
			runOnlyForDeploymentPostprocessing = 0;
		};
/* End PBXSourcesBuildPhase section */

/* Begin PBXTargetDependency section */
		CB67E9A5209C338900FA0E23 /* PBXTargetDependency */ = {
			isa = PBXTargetDependency;
			target = CB67E98E209C338900FA0E23 /* 20180504_01Calendar */;
			targetProxy = CB67E9A4209C338900FA0E23 /* PBXContainerItemProxy */;
		};
		CB67E9B0209C338900FA0E23 /* PBXTargetDependency */ = {
			isa = PBXTargetDependency;
			target = CB67E98E209C338900FA0E23 /* 20180504_01Calendar */;
			targetProxy = CB67E9AF209C338900FA0E23 /* PBXContainerItemProxy */;
		};
/* End PBXTargetDependency section */

/* Begin PBXVariantGroup section */
		CB67E996209C338900FA0E23 /* Main.storyboard */ = {
			isa = PBXVariantGroup;
			children = (
				CB67E997209C338900FA0E23 /* Base */,
			);
			name = Main.storyboard;
			sourceTree = "<group>";
		};
		CB67E99B209C338900FA0E23 /* LaunchScreen.storyboard */ = {
			isa = PBXVariantGroup;
			children = (
				CB67E99C209C338900FA0E23 /* Base */,
			);
			name = LaunchScreen.storyboard;
			sourceTree = "<group>";
		};
/* End PBXVariantGroup section */

/* Begin XCBuildConfiguration section */
		CB67E9B5209C338900FA0E23 /* Debug */ = {
			isa = XCBuildConfiguration;
			buildSettings = {
				ALWAYS_SEARCH_USER_PATHS = NO;
				CLANG_ANALYZER_NONNULL = YES;
				CLANG_ANALYZER_NUMBER_OBJECT_CONVERSION = YES_AGGRESSIVE;
				CLANG_CXX_LANGUAGE_STANDARD = "gnu++14";
				CLANG_CXX_LIBRARY = "libc++";
				CLANG_ENABLE_MODULES = YES;
				CLANG_ENABLE_OBJC_ARC = YES;
				CLANG_ENABLE_OBJC_WEAK = YES;
				CLANG_WARN_BLOCK_CAPTURE_AUTORELEASING = YES;
				CLANG_WARN_BOOL_CONVERSION = YES;
				CLANG_WARN_COMMA = YES;
				CLANG_WARN_CONSTANT_CONVERSION = YES;
				CLANG_WARN_DEPRECATED_OBJC_IMPLEMENTATIONS = YES;
				CLANG_WARN_DIRECT_OBJC_ISA_USAGE = YES_ERROR;
				CLANG_WARN_DOCUMENTATION_COMMENTS = YES;
				CLANG_WARN_EMPTY_BODY = YES;
				CLANG_WARN_ENUM_CONVERSION = YES;
				CLANG_WARN_INFINITE_RECURSION = YES;
				CLANG_WARN_INT_CONVERSION = YES;
				CLANG_WARN_NON_LITERAL_NULL_CONVERSION = YES;
				CLANG_WARN_OBJC_IMPLICIT_RETAIN_SELF = YES;
				CLANG_WARN_OBJC_LITERAL_CONVERSION = YES;
				CLANG_WARN_OBJC_ROOT_CLASS = YES_ERROR;
				CLANG_WARN_RANGE_LOOP_ANALYSIS = YES;
				CLANG_WARN_STRICT_PROTOTYPES = YES;
				CLANG_WARN_SUSPICIOUS_MOVE = YES;
				CLANG_WARN_UNGUARDED_AVAILABILITY = YES_AGGRESSIVE;
				CLANG_WARN_UNREACHABLE_CODE = YES;
				CLANG_WARN__DUPLICATE_METHOD_MATCH = YES;
				CODE_SIGN_IDENTITY = "iPhone Developer";
				COPY_PHASE_STRIP = NO;
				DEBUG_INFORMATION_FORMAT = dwarf;
				ENABLE_STRICT_OBJC_MSGSEND = YES;
				ENABLE_TESTABILITY = YES;
				GCC_C_LANGUAGE_STANDARD = gnu11;
				GCC_DYNAMIC_NO_PIC = NO;
				GCC_NO_COMMON_BLOCKS = YES;
				GCC_OPTIMIZATION_LEVEL = 0;
				GCC_PREPROCESSOR_DEFINITIONS = (
					"DEBUG=1",
					"$(inherited)",
				);
				GCC_WARN_64_TO_32_BIT_CONVERSION = YES;
				GCC_WARN_ABOUT_RETURN_TYPE = YES_ERROR;
				GCC_WARN_UNDECLARED_SELECTOR = YES;
				GCC_WARN_UNINITIALIZED_AUTOS = YES_AGGRESSIVE;
				GCC_WARN_UNUSED_FUNCTION = YES;
				GCC_WARN_UNUSED_VARIABLE = YES;
				IPHONEOS_DEPLOYMENT_TARGET = 11.3;
				MTL_ENABLE_DEBUG_INFO = YES;
				ONLY_ACTIVE_ARCH = YES;
				SDKROOT = iphoneos;
				SWIFT_ACTIVE_COMPILATION_CONDITIONS = DEBUG;
				SWIFT_OPTIMIZATION_LEVEL = "-Onone";
			};
			name = Debug;
		};
		CB67E9B6209C338900FA0E23 /* Release */ = {
			isa = XCBuildConfiguration;
			buildSettings = {
				ALWAYS_SEARCH_USER_PATHS = NO;
				CLANG_ANALYZER_NONNULL = YES;
				CLANG_ANALYZER_NUMBER_OBJECT_CONVERSION = YES_AGGRESSIVE;
				CLANG_CXX_LANGUAGE_STANDARD = "gnu++14";
				CLANG_CXX_LIBRARY = "libc++";
				CLANG_ENABLE_MODULES = YES;
				CLANG_ENABLE_OBJC_ARC = YES;
				CLANG_ENABLE_OBJC_WEAK = YES;
				CLANG_WARN_BLOCK_CAPTURE_AUTORELEASING = YES;
				CLANG_WARN_BOOL_CONVERSION = YES;
				CLANG_WARN_COMMA = YES;
				CLANG_WARN_CONSTANT_CONVERSION = YES;
				CLANG_WARN_DEPRECATED_OBJC_IMPLEMENTATIONS = YES;
				CLANG_WARN_DIRECT_OBJC_ISA_USAGE = YES_ERROR;
				CLANG_WARN_DOCUMENTATION_COMMENTS = YES;
				CLANG_WARN_EMPTY_BODY = YES;
				CLANG_WARN_ENUM_CONVERSION = YES;
				CLANG_WARN_INFINITE_RECURSION = YES;
				CLANG_WARN_INT_CONVERSION = YES;
				CLANG_WARN_NON_LITERAL_NULL_CONVERSION = YES;
				CLANG_WARN_OBJC_IMPLICIT_RETAIN_SELF = YES;
				CLANG_WARN_OBJC_LITERAL_CONVERSION = YES;
				CLANG_WARN_OBJC_ROOT_CLASS = YES_ERROR;
				CLANG_WARN_RANGE_LOOP_ANALYSIS = YES;
				CLANG_WARN_STRICT_PROTOTYPES = YES;
				CLANG_WARN_SUSPICIOUS_MOVE = YES;
				CLANG_WARN_UNGUARDED_AVAILABILITY = YES_AGGRESSIVE;
				CLANG_WARN_UNREACHABLE_CODE = YES;
				CLANG_WARN__DUPLICATE_METHOD_MATCH = YES;
				CODE_SIGN_IDENTITY = "iPhone Developer";
				COPY_PHASE_STRIP = NO;
				DEBUG_INFORMATION_FORMAT = "dwarf-with-dsym";
				ENABLE_NS_ASSERTIONS = NO;
				ENABLE_STRICT_OBJC_MSGSEND = YES;
				GCC_C_LANGUAGE_STANDARD = gnu11;
				GCC_NO_COMMON_BLOCKS = YES;
				GCC_WARN_64_TO_32_BIT_CONVERSION = YES;
				GCC_WARN_ABOUT_RETURN_TYPE = YES_ERROR;
				GCC_WARN_UNDECLARED_SELECTOR = YES;
				GCC_WARN_UNINITIALIZED_AUTOS = YES_AGGRESSIVE;
				GCC_WARN_UNUSED_FUNCTION = YES;
				GCC_WARN_UNUSED_VARIABLE = YES;
				IPHONEOS_DEPLOYMENT_TARGET = 11.3;
				MTL_ENABLE_DEBUG_INFO = NO;
				SDKROOT = iphoneos;
				SWIFT_COMPILATION_MODE = wholemodule;
				SWIFT_OPTIMIZATION_LEVEL = "-O";
				VALIDATE_PRODUCT = YES;
			};
			name = Release;
		};
		CB67E9B8209C338900FA0E23 /* Debug */ = {
			isa = XCBuildConfiguration;
			baseConfigurationReference = BE5FDC321947B4941968D8B4 /* Pods-20180504_01Calendar.debug.xcconfig */;
			buildSettings = {
				ASSETCATALOG_COMPILER_APPICON_NAME = AppIcon;
				CODE_SIGN_STYLE = Automatic;
				DEVELOPMENT_TEAM = KGRG8U39SY;
				INFOPLIST_FILE = 20180504_01Calendar/Info.plist;
				LD_RUNPATH_SEARCH_PATHS = (
					"$(inherited)",
					"@executable_path/Frameworks",
				);
				PRODUCT_BUNDLE_IDENTIFIER = "Yana.-0180504-01Calendar";
				PRODUCT_NAME = "$(TARGET_NAME)";
				SWIFT_VERSION = 4.0;
				TARGETED_DEVICE_FAMILY = "1,2";
			};
			name = Debug;
		};
		CB67E9B9209C338900FA0E23 /* Release */ = {
			isa = XCBuildConfiguration;
			baseConfigurationReference = A6654621AC1D9D6886E810BA /* Pods-20180504_01Calendar.release.xcconfig */;
			buildSettings = {
				ASSETCATALOG_COMPILER_APPICON_NAME = AppIcon;
				CODE_SIGN_STYLE = Automatic;
				DEVELOPMENT_TEAM = KGRG8U39SY;
				INFOPLIST_FILE = 20180504_01Calendar/Info.plist;
				LD_RUNPATH_SEARCH_PATHS = (
					"$(inherited)",
					"@executable_path/Frameworks",
				);
				PRODUCT_BUNDLE_IDENTIFIER = "Yana.-0180504-01Calendar";
				PRODUCT_NAME = "$(TARGET_NAME)";
				SWIFT_VERSION = 4.0;
				TARGETED_DEVICE_FAMILY = "1,2";
			};
			name = Release;
		};
		CB67E9BB209C338900FA0E23 /* Debug */ = {
			isa = XCBuildConfiguration;
			baseConfigurationReference = 83FB95E48F502FC1831A401E /* Pods-20180504_01CalendarTests.debug.xcconfig */;
			buildSettings = {
				ALWAYS_EMBED_SWIFT_STANDARD_LIBRARIES = YES;
				BUNDLE_LOADER = "$(TEST_HOST)";
				CODE_SIGN_STYLE = Automatic;
				DEVELOPMENT_TEAM = KGRG8U39SY;
				INFOPLIST_FILE = 20180504_01CalendarTests/Info.plist;
				LD_RUNPATH_SEARCH_PATHS = (
					"$(inherited)",
					"@executable_path/Frameworks",
					"@loader_path/Frameworks",
				);
				PRODUCT_BUNDLE_IDENTIFIER = "Yana.-0180504-01CalendarTests";
				PRODUCT_NAME = "$(TARGET_NAME)";
				SWIFT_VERSION = 4.0;
				TARGETED_DEVICE_FAMILY = "1,2";
				TEST_HOST = "$(BUILT_PRODUCTS_DIR)/20180504_01Calendar.app/20180504_01Calendar";
			};
			name = Debug;
		};
		CB67E9BC209C338900FA0E23 /* Release */ = {
			isa = XCBuildConfiguration;
			baseConfigurationReference = 88E3555FCDB81C9E977F4895 /* Pods-20180504_01CalendarTests.release.xcconfig */;
			buildSettings = {
				ALWAYS_EMBED_SWIFT_STANDARD_LIBRARIES = YES;
				BUNDLE_LOADER = "$(TEST_HOST)";
				CODE_SIGN_STYLE = Automatic;
				DEVELOPMENT_TEAM = KGRG8U39SY;
				INFOPLIST_FILE = 20180504_01CalendarTests/Info.plist;
				LD_RUNPATH_SEARCH_PATHS = (
					"$(inherited)",
					"@executable_path/Frameworks",
					"@loader_path/Frameworks",
				);
				PRODUCT_BUNDLE_IDENTIFIER = "Yana.-0180504-01CalendarTests";
				PRODUCT_NAME = "$(TARGET_NAME)";
				SWIFT_VERSION = 4.0;
				TARGETED_DEVICE_FAMILY = "1,2";
				TEST_HOST = "$(BUILT_PRODUCTS_DIR)/20180504_01Calendar.app/20180504_01Calendar";
			};
			name = Release;
		};
		CB67E9BE209C338900FA0E23 /* Debug */ = {
			isa = XCBuildConfiguration;
			baseConfigurationReference = 56FC1DF764F773050E78FF3A /* Pods-20180504_01CalendarUITests.debug.xcconfig */;
			buildSettings = {
				ALWAYS_EMBED_SWIFT_STANDARD_LIBRARIES = YES;
				CODE_SIGN_STYLE = Automatic;
				DEVELOPMENT_TEAM = KGRG8U39SY;
				INFOPLIST_FILE = 20180504_01CalendarUITests/Info.plist;
				LD_RUNPATH_SEARCH_PATHS = (
					"$(inherited)",
					"@executable_path/Frameworks",
					"@loader_path/Frameworks",
				);
				PRODUCT_BUNDLE_IDENTIFIER = "Yana.-0180504-01CalendarUITests";
				PRODUCT_NAME = "$(TARGET_NAME)";
				SWIFT_VERSION = 4.0;
				TARGETED_DEVICE_FAMILY = "1,2";
				TEST_TARGET_NAME = 20180504_01Calendar;
			};
			name = Debug;
		};
		CB67E9BF209C338900FA0E23 /* Release */ = {
			isa = XCBuildConfiguration;
			baseConfigurationReference = CC1D45BBDEF3288774E9B5C4 /* Pods-20180504_01CalendarUITests.release.xcconfig */;
			buildSettings = {
				ALWAYS_EMBED_SWIFT_STANDARD_LIBRARIES = YES;
				CODE_SIGN_STYLE = Automatic;
				DEVELOPMENT_TEAM = KGRG8U39SY;
				INFOPLIST_FILE = 20180504_01CalendarUITests/Info.plist;
				LD_RUNPATH_SEARCH_PATHS = (
					"$(inherited)",
					"@executable_path/Frameworks",
					"@loader_path/Frameworks",
				);
				PRODUCT_BUNDLE_IDENTIFIER = "Yana.-0180504-01CalendarUITests";
				PRODUCT_NAME = "$(TARGET_NAME)";
				SWIFT_VERSION = 4.0;
				TARGETED_DEVICE_FAMILY = "1,2";
				TEST_TARGET_NAME = 20180504_01Calendar;
			};
			name = Release;
		};
/* End XCBuildConfiguration section */

/* Begin XCConfigurationList section */
		CB67E98A209C338900FA0E23 /* Build configuration list for PBXProject "20180504_01Calendar" */ = {
			isa = XCConfigurationList;
			buildConfigurations = (
				CB67E9B5209C338900FA0E23 /* Debug */,
				CB67E9B6209C338900FA0E23 /* Release */,
			);
			defaultConfigurationIsVisible = 0;
			defaultConfigurationName = Release;
		};
		CB67E9B7209C338900FA0E23 /* Build configuration list for PBXNativeTarget "20180504_01Calendar" */ = {
			isa = XCConfigurationList;
			buildConfigurations = (
				CB67E9B8209C338900FA0E23 /* Debug */,
				CB67E9B9209C338900FA0E23 /* Release */,
			);
			defaultConfigurationIsVisible = 0;
			defaultConfigurationName = Release;
		};
		CB67E9BA209C338900FA0E23 /* Build configuration list for PBXNativeTarget "20180504_01CalendarTests" */ = {
			isa = XCConfigurationList;
			buildConfigurations = (
				CB67E9BB209C338900FA0E23 /* Debug */,
				CB67E9BC209C338900FA0E23 /* Release */,
			);
			defaultConfigurationIsVisible = 0;
			defaultConfigurationName = Release;
		};
		CB67E9BD209C338900FA0E23 /* Build configuration list for PBXNativeTarget "20180504_01CalendarUITests" */ = {
			isa = XCConfigurationList;
			buildConfigurations = (
				CB67E9BE209C338900FA0E23 /* Debug */,
				CB67E9BF209C338900FA0E23 /* Release */,
			);
			defaultConfigurationIsVisible = 0;
			defaultConfigurationName = Release;
		};
/* End XCConfigurationList section */
	};
	rootObject = CB67E987209C338900FA0E23 /* Project object */;
}
