PODS:
  - CalculateCalendarLogic (0.1.6)
  - FSCalendar (2.7.9)
  - Realm (3.5.0):
    - Realm/Headers (= 3.5.0)
  - Realm/Headers (3.5.0)
  - RealmSwift (3.5.0):
    - Realm (= 3.5.0)

DEPENDENCIES:
  - CalculateCalendarLogic
  - FSCalendar
  - RealmSwift

SPEC CHECKSUMS:
  CalculateCalendarLogic: 81b16c24e2b7273fffb03fc29d0c8d1800fd3c9e
  FSCalendar: a04b09f16f811bc92e82f3cf852a15225233b9d5
  Realm: 0378021c424e4e2bd6a0e63b27881e929d9b9ad1
  RealmSwift: 3322562622fda2ad596985ead4d8d8be30cf838c

PODFILE CHECKSUM: 6acb2a9e62f3af23de677a4eff0751e721bbe0bd

COCOAPODS: 1.4.0
